
Microsoft Visual Studio Solution File, Format Version 12.00
# Visual Studio 15
VisualStudioVersion = 15.0.27428.2037
MinimumVisualStudioVersion = 10.0.40219.1
Project("{9A19103F-16F7-4668-BE54-9A1E7A4F7556}") = "Faithlife.Ananke", "src\Faithlife.Ananke\Faithlife.Ananke.csproj", "{C201ED79-509F-491C-9FED-11D22F58EDA2}"
EndProject
Project("{9A19103F-16F7-4668-BE54-9A1E7A4F7556}") = "Faithlife.Ananke.Tests", "test\Faithlife.Ananke.Tests\Faithlife.Ananke.Tests.csproj", "{FBE6035D-AEA4-4CB7-829B-CEDE506A970D}"
EndProject
Global
	GlobalSection(SolutionConfigurationPlatforms) = preSolution
		Debug|Any CPU = Debug|Any CPU
		Release|Any CPU = Release|Any CPU
	EndGlobalSection
	GlobalSection(ProjectConfigurationPlatforms) = postSolution
		{C201ED79-509F-491C-9FED-11D22F58EDA2}.Debug|Any CPU.ActiveCfg = Debug|Any CPU
		{C201ED79-509F-491C-9FED-11D22F58EDA2}.Debug|Any CPU.Build.0 = Debug|Any CPU
		{C201ED79-509F-491C-9FED-11D22F58EDA2}.Release|Any CPU.ActiveCfg = Release|Any CPU
		{C201ED79-509F-491C-9FED-11D22F58EDA2}.Release|Any CPU.Build.0 = Release|Any CPU
		{FBE6035D-AEA4-4CB7-829B-CEDE506A970D}.Debug|Any CPU.ActiveCfg = Debug|Any CPU
		{FBE6035D-AEA4-4CB7-829B-CEDE506A970D}.Debug|Any CPU.Build.0 = Debug|Any CPU
		{FBE6035D-AEA4-4CB7-829B-CEDE506A970D}.Release|Any CPU.ActiveCfg = Release|Any CPU
		{FBE6035D-AEA4-4CB7-829B-CEDE506A970D}.Release|Any CPU.Build.0 = Release|Any CPU
	EndGlobalSection
	GlobalSection(SolutionProperties) = preSolution
		HideSolutionNode = FALSE
	EndGlobalSection
	GlobalSection(ExtensibilityGlobals) = postSolution
		SolutionGuid = {7441FF8A-F371-4990-B06C-B83CFDD50FF2}
	EndGlobalSection
EndGlobal
